// !$*UTF8*$!
{
	archiveVersion = 1;
	classes = {
	};
	objectVersion = 50;
	objects = {

/* Begin PBXBuildFile section */
		DE603E402208C5510028A49F /* AppDelegate.swift in Sources */ = {isa = PBXBuildFile; fileRef = DE603E3F2208C5510028A49F /* AppDelegate.swift */; };
		DE603E422208C5510028A49F /* ViewController.swift in Sources */ = {isa = PBXBuildFile; fileRef = DE603E412208C5510028A49F /* ViewController.swift */; };
		DE603E442208C5520028A49F /* Assets.xcassets in Resources */ = {isa = PBXBuildFile; fileRef = DE603E432208C5520028A49F /* Assets.xcassets */; };
		DE603E472208C5520028A49F /* Main.storyboard in Resources */ = {isa = PBXBuildFile; fileRef = DE603E452208C5520028A49F /* Main.storyboard */; };
		DE603E522208C6240028A49F /* srs_librtmp.cpp in Sources */ = {isa = PBXBuildFile; fileRef = DE603E502208C6240028A49F /* srs_librtmp.cpp */; };
		DE603E542208C6A20028A49F /* StreamClient.m in Sources */ = {isa = PBXBuildFile; fileRef = DE603E532208C6A20028A49F /* StreamClient.m */; };
		DE603E572208C7380028A49F /* StreamEncoder.m in Sources */ = {isa = PBXBuildFile; fileRef = DE603E562208C7380028A49F /* StreamEncoder.m */; };
/* End PBXBuildFile section */

/* Begin PBXFileReference section */
		DE603E3C2208C5510028A49F /* WebcamClientDemo.app */ = {isa = PBXFileReference; explicitFileType = wrapper.application; includeInIndex = 0; path = WebcamClientDemo.app; sourceTree = BUILT_PRODUCTS_DIR; };
		DE603E3F2208C5510028A49F /* AppDelegate.swift */ = {isa = PBXFileReference; lastKnownFileType = sourcecode.swift; path = AppDelegate.swift; sourceTree = "<group>"; };
		DE603E412208C5510028A49F /* ViewController.swift */ = {isa = PBXFileReference; lastKnownFileType = sourcecode.swift; path = ViewController.swift; sourceTree = "<group>"; };
		DE603E432208C5520028A49F /* Assets.xcassets */ = {isa = PBXFileReference; lastKnownFileType = folder.assetcatalog; path = Assets.xcassets; sourceTree = "<group>"; };
		DE603E462208C5520028A49F /* Base */ = {isa = PBXFileReference; lastKnownFileType = file.storyboard; name = Base; path = Base.lproj/Main.storyboard; sourceTree = "<group>"; };
		DE603E482208C5520028A49F /* Info.plist */ = {isa = PBXFileReference; lastKnownFileType = text.plist.xml; path = Info.plist; sourceTree = "<group>"; };
		DE603E492208C5520028A49F /* WebcamClientDemo.entitlements */ = {isa = PBXFileReference; lastKnownFileType = text.plist.entitlements; path = WebcamClientDemo.entitlements; sourceTree = "<group>"; };
		DE603E502208C6240028A49F /* srs_librtmp.cpp */ = {isa = PBXFileReference; fileEncoding = 4; lastKnownFileType = sourcecode.cpp.cpp; path = srs_librtmp.cpp; sourceTree = "<group>"; };
		DE603E512208C6240028A49F /* srs_librtmp.h */ = {isa = PBXFileReference; fileEncoding = 4; lastKnownFileType = sourcecode.c.h; path = srs_librtmp.h; sourceTree = "<group>"; };
		DE603E532208C6A20028A49F /* StreamClient.m */ = {isa = PBXFileReference; lastKnownFileType = sourcecode.c.objc; path = StreamClient.m; sourceTree = "<group>"; };
		DE603E552208C6B20028A49F /* StreamClient.h */ = {isa = PBXFileReference; lastKnownFileType = sourcecode.c.h; path = StreamClient.h; sourceTree = "<group>"; };
		DE603E562208C7380028A49F /* StreamEncoder.m */ = {isa = PBXFileReference; lastKnownFileType = sourcecode.c.objc; path = StreamEncoder.m; sourceTree = "<group>"; };
		DE603E582208C7740028A49F /* StreamEncoder.h */ = {isa = PBXFileReference; lastKnownFileType = sourcecode.c.h; path = StreamEncoder.h; sourceTree = "<group>"; };
/* End PBXFileReference section */

/* Begin PBXFrameworksBuildPhase section */
		DE603E392208C5510028A49F /* Frameworks */ = {
			isa = PBXFrameworksBuildPhase;
			buildActionMask = 2147483647;
			files = (
			);
			runOnlyForDeploymentPostprocessing = 0;
		};
/* End PBXFrameworksBuildPhase section */

/* Begin PBXGroup section */
		DE603E332208C5500028A49F = {
			isa = PBXGroup;
			children = (
				DE603E3E2208C5510028A49F /* WebcamClientDemo */,
				DE603E3D2208C5510028A49F /* Products */,
			);
			sourceTree = "<group>";
		};
		DE603E3D2208C5510028A49F /* Products */ = {
			isa = PBXGroup;
			children = (
				DE603E3C2208C5510028A49F /* WebcamClientDemo.app */,
			);
			name = Products;
			sourceTree = "<group>";
		};
		DE603E3E2208C5510028A49F /* WebcamClientDemo */ = {
			isa = PBXGroup;
			children = (
				DE603E4F2208C6240028A49F /* lib */,
				DE603E3F2208C5510028A49F /* AppDelegate.swift */,
				DE603E412208C5510028A49F /* ViewController.swift */,
				DE603E432208C5520028A49F /* Assets.xcassets */,
				DE603E452208C5520028A49F /* Main.storyboard */,
				DE603E482208C5520028A49F /* Info.plist */,
				DE603E492208C5520028A49F /* WebcamClientDemo.entitlements */,
				DE603E532208C6A20028A49F /* StreamClient.m */,
				DE603E552208C6B20028A49F /* StreamClient.h */,
				DE603E562208C7380028A49F /* StreamEncoder.m */,
				DE603E582208C7740028A49F /* StreamEncoder.h */,
			);
			path = WebcamClientDemo;
			sourceTree = "<group>";
		};
		DE603E4F2208C6240028A49F /* lib */ = {
			isa = PBXGroup;
			children = (
				DE603E502208C6240028A49F /* srs_librtmp.cpp */,
				DE603E512208C6240028A49F /* srs_librtmp.h */,
			);
			path = lib;
			sourceTree = "<group>";
		};
/* End PBXGroup section */

/* Begin PBXNativeTarget section */
		DE603E3B2208C5510028A49F /* WebcamClientDemo */ = {
			isa = PBXNativeTarget;
			buildConfigurationList = DE603E4C2208C5520028A49F /* Build configuration list for PBXNativeTarget "WebcamClientDemo" */;
			buildPhases = (
				DE603E382208C5510028A49F /* Sources */,
				DE603E392208C5510028A49F /* Frameworks */,
				DE603E3A2208C5510028A49F /* Resources */,
			);
			buildRules = (
			);
			dependencies = (
			);
			name = WebcamClientDemo;
			productName = WebcamClientDemo;
			productReference = DE603E3C2208C5510028A49F /* WebcamClientDemo.app */;
			productType = "com.apple.product-type.application";
		};
/* End PBXNativeTarget section */

/* Begin PBXProject section */
		DE603E342208C5500028A49F /* Project object */ = {
			isa = PBXProject;
			attributes = {
				LastSwiftUpdateCheck = 1010;
				LastUpgradeCheck = 1010;
				ORGANIZATIONNAME = demo;
				TargetAttributes = {
					DE603E3B2208C5510028A49F = {
						CreatedOnToolsVersion = 10.1;
					};
				};
			};
			buildConfigurationList = DE603E372208C5500028A49F /* Build configuration list for PBXProject "WebcamClientDemo" */;
			compatibilityVersion = "Xcode 9.3";
			developmentRegion = en;
			hasScannedForEncodings = 0;
			knownRegions = (
				en,
				Base,
			);
			mainGroup = DE603E332208C5500028A49F;
			productRefGroup = DE603E3D2208C5510028A49F /* Products */;
			projectDirPath = "";
			projectRoot = "";
			targets = (
				DE603E3B2208C5510028A49F /* WebcamClientDemo */,
			);
		};
/* End PBXProject section */

/* Begin PBXResourcesBuildPhase section */
		DE603E3A2208C5510028A49F /* Resources */ = {
			isa = PBXResourcesBuildPhase;
			buildActionMask = 2147483647;
			files = (
				DE603E442208C5520028A49F /* Assets.xcassets in Resources */,
				DE603E472208C5520028A49F /* Main.storyboard in Resources */,
			);
			runOnlyForDeploymentPostprocessing = 0;
		};
/* End PBXResourcesBuildPhase section */

/* Begin PBXSourcesBuildPhase section */
		DE603E382208C5510028A49F /* Sources */ = {
			isa = PBXSourcesBuildPhase;
			buildActionMask = 2147483647;
			files = (
				DE603E542208C6A20028A49F /* StreamClient.m in Sources */,
				DE603E422208C5510028A49F /* ViewController.swift in Sources */,
				DE603E572208C7380028A49F /* StreamEncoder.m in Sources */,
				DE603E522208C6240028A49F /* srs_librtmp.cpp in Sources */,
				DE603E402208C5510028A49F /* AppDelegate.swift in Sources */,
			);
			runOnlyForDeploymentPostprocessing = 0;
		};
/* End PBXSourcesBuildPhase section */

/* Begin PBXVariantGroup section */
		DE603E452208C5520028A49F /* Main.storyboard */ = {
			isa = PBXVariantGroup;
			children = (
				DE603E462208C5520028A49F /* Base */,
			);
			name = Main.storyboard;
			sourceTree = "<group>";
		};
/* End PBXVariantGroup section */

/* Begin XCBuildConfiguration section */
		DE603E4A2208C5520028A49F /* Debug */ = {
			isa = XCBuildConfiguration;
			buildSettings = {
				ALWAYS_SEARCH_USER_PATHS = NO;
				CLANG_ANALYZER_NONNULL = YES;
				CLANG_ANALYZER_NUMBER_OBJECT_CONVERSION = YES_AGGRESSIVE;
				CLANG_CXX_LANGUAGE_STANDARD = "gnu++14";
				CLANG_CXX_LIBRARY = "libc++";
				CLANG_ENABLE_MODULES = YES;
				CLANG_ENABLE_OBJC_ARC = YES;
				CLANG_ENABLE_OBJC_WEAK = YES;
				CLANG_WARN_BLOCK_CAPTURE_AUTORELEASING = YES;
				CLANG_WARN_BOOL_CONVERSION = YES;
				CLANG_WARN_COMMA = YES;
				CLANG_WARN_CONSTANT_CONVERSION = YES;
				CLANG_WARN_DEPRECATED_OBJC_IMPLEMENTATIONS = YES;
				CLANG_WARN_DIRECT_OBJC_ISA_USAGE = YES_ERROR;
				CLANG_WARN_DOCUMENTATION_COMMENTS = YES;
				CLANG_WARN_EMPTY_BODY = YES;
				CLANG_WARN_ENUM_CONVERSION = YES;
				CLANG_WARN_INFINITE_RECURSION = YES;
				CLANG_WARN_INT_CONVERSION = YES;
				CLANG_WARN_NON_LITERAL_NULL_CONVERSION = YES;
				CLANG_WARN_OBJC_IMPLICIT_RETAIN_SELF = YES;
				CLANG_WARN_OBJC_LITERAL_CONVERSION = YES;
				CLANG_WARN_OBJC_ROOT_CLASS = YES_ERROR;
				CLANG_WARN_RANGE_LOOP_ANALYSIS = YES;
				CLANG_WARN_STRICT_PROTOTYPES = YES;
				CLANG_WARN_SUSPICIOUS_MOVE = YES;
				CLANG_WARN_UNGUARDED_AVAILABILITY = YES_AGGRESSIVE;
				CLANG_WARN_UNREACHABLE_CODE = YES;
				CLANG_WARN__DUPLICATE_METHOD_MATCH = YES;
				CODE_SIGN_IDENTITY = "-";
				COPY_PHASE_STRIP = NO;
				DEBUG_INFORMATION_FORMAT = dwarf;
				ENABLE_STRICT_OBJC_MSGSEND = YES;
				ENABLE_TESTABILITY = YES;
				GCC_C_LANGUAGE_STANDARD = gnu11;
				GCC_DYNAMIC_NO_PIC = NO;
				GCC_NO_COMMON_BLOCKS = YES;
				GCC_OPTIMIZATION_LEVEL = 0;
				GCC_PREPROCESSOR_DEFINITIONS = (
					"DEBUG=1",
					"$(inherited)",
				);
				GCC_WARN_64_TO_32_BIT_CONVERSION = YES;
				GCC_WARN_ABOUT_RETURN_TYPE = YES_ERROR;
				GCC_WARN_UNDECLARED_SELECTOR = YES;
				GCC_WARN_UNINITIALIZED_AUTOS = YES_AGGRESSIVE;
				GCC_WARN_UNUSED_FUNCTION = YES;
				GCC_WARN_UNUSED_VARIABLE = YES;
				MACOSX_DEPLOYMENT_TARGET = 10.13;
				MTL_ENABLE_DEBUG_INFO = INCLUDE_SOURCE;
				MTL_FAST_MATH = YES;
				ONLY_ACTIVE_ARCH = YES;
				SDKROOT = macosx;
				SWIFT_ACTIVE_COMPILATION_CONDITIONS = DEBUG;
				SWIFT_OPTIMIZATION_LEVEL = "-Onone";
			};
			name = Debug;
		};
		DE603E4B2208C5520028A49F /* Release */ = {
			isa = XCBuildConfiguration;
			buildSettings = {
				ALWAYS_SEARCH_USER_PATHS = NO;
				CLANG_ANALYZER_NONNULL = YES;
				CLANG_ANALYZER_NUMBER_OBJECT_CONVERSION = YES_AGGRESSIVE;
				CLANG_CXX_LANGUAGE_STANDARD = "gnu++14";
				CLANG_CXX_LIBRARY = "libc++";
				CLANG_ENABLE_MODULES = YES;
				CLANG_ENABLE_OBJC_ARC = YES;
				CLANG_ENABLE_OBJC_WEAK = YES;
				CLANG_WARN_BLOCK_CAPTURE_AUTORELEASING = YES;
				CLANG_WARN_BOOL_CONVERSION = YES;
				CLANG_WARN_COMMA = YES;
				CLANG_WARN_CONSTANT_CONVERSION = YES;
				CLANG_WARN_DEPRECATED_OBJC_IMPLEMENTATIONS = YES;
				CLANG_WARN_DIRECT_OBJC_ISA_USAGE = YES_ERROR;
				CLANG_WARN_DOCUMENTATION_COMMENTS = YES;
				CLANG_WARN_EMPTY_BODY = YES;
				CLANG_WARN_ENUM_CONVERSION = YES;
				CLANG_WARN_INFINITE_RECURSION = YES;
				CLANG_WARN_INT_CONVERSION = YES;
				CLANG_WARN_NON_LITERAL_NULL_CONVERSION = YES;
				CLANG_WARN_OBJC_IMPLICIT_RETAIN_SELF = YES;
				CLANG_WARN_OBJC_LITERAL_CONVERSION = YES;
				CLANG_WARN_OBJC_ROOT_CLASS = YES_ERROR;
				CLANG_WARN_RANGE_LOOP_ANALYSIS = YES;
				CLANG_WARN_STRICT_PROTOTYPES = YES;
				CLANG_WARN_SUSPICIOUS_MOVE = YES;
				CLANG_WARN_UNGUARDED_AVAILABILITY = YES_AGGRESSIVE;
				CLANG_WARN_UNREACHABLE_CODE = YES;
				CLANG_WARN__DUPLICATE_METHOD_MATCH = YES;
				CODE_SIGN_IDENTITY = "-";
				COPY_PHASE_STRIP = NO;
				DEBUG_INFORMATION_FORMAT = "dwarf-with-dsym";
				ENABLE_NS_ASSERTIONS = NO;
				ENABLE_STRICT_OBJC_MSGSEND = YES;
				GCC_C_LANGUAGE_STANDARD = gnu11;
				GCC_NO_COMMON_BLOCKS = YES;
				GCC_WARN_64_TO_32_BIT_CONVERSION = YES;
				GCC_WARN_ABOUT_RETURN_TYPE = YES_ERROR;
				GCC_WARN_UNDECLARED_SELECTOR = YES;
				GCC_WARN_UNINITIALIZED_AUTOS = YES_AGGRESSIVE;
				GCC_WARN_UNUSED_FUNCTION = YES;
				GCC_WARN_UNUSED_VARIABLE = YES;
				MACOSX_DEPLOYMENT_TARGET = 10.13;
				MTL_ENABLE_DEBUG_INFO = NO;
				MTL_FAST_MATH = YES;
				SDKROOT = macosx;
				SWIFT_COMPILATION_MODE = wholemodule;
				SWIFT_OPTIMIZATION_LEVEL = "-O";
			};
			name = Release;
		};
		DE603E4D2208C5520028A49F /* Debug */ = {
			isa = XCBuildConfiguration;
			buildSettings = {
				ASSETCATALOG_COMPILER_APPICON_NAME = AppIcon;
				CODE_SIGN_ENTITLEMENTS = WebcamClientDemo/WebcamClientDemo.entitlements;
				CODE_SIGN_STYLE = Automatic;
				COMBINE_HIDPI_IMAGES = YES;
				INFOPLIST_FILE = WebcamClientDemo/Info.plist;
				LD_RUNPATH_SEARCH_PATHS = (
					"$(inherited)",
					"@executable_path/../Frameworks",
				);
				PRODUCT_BUNDLE_IDENTIFIER = demo.WebcamClientDemo;
				PRODUCT_NAME = "$(TARGET_NAME)";
				SWIFT_VERSION = 4.2;
			};
			name = Debug;
		};
		DE603E4E2208C5520028A49F /* Release */ = {
			isa = XCBuildConfiguration;
			buildSettings = {
				ASSETCATALOG_COMPILER_APPICON_NAME = AppIcon;
				CODE_SIGN_ENTITLEMENTS = WebcamClientDemo/WebcamClientDemo.entitlements;
				CODE_SIGN_STYLE = Automatic;
				COMBINE_HIDPI_IMAGES = YES;
				INFOPLIST_FILE = WebcamClientDemo/Info.plist;
				LD_RUNPATH_SEARCH_PATHS = (
					"$(inherited)",
					"@executable_path/../Frameworks",
				);
				PRODUCT_BUNDLE_IDENTIFIER = demo.WebcamClientDemo;
				PRODUCT_NAME = "$(TARGET_NAME)";
				SWIFT_VERSION = 4.2;
			};
			name = Release;
		};
/* End XCBuildConfiguration section */

/* Begin XCConfigurationList section */
		DE603E372208C5500028A49F /* Build configuration list for PBXProject "WebcamClientDemo" */ = {
			isa = XCConfigurationList;
			buildConfigurations = (
				DE603E4A2208C5520028A49F /* Debug */,
				DE603E4B2208C5520028A49F /* Release */,
			);
			defaultConfigurationIsVisible = 0;
			defaultConfigurationName = Release;
		};
		DE603E4C2208C5520028A49F /* Build configuration list for PBXNativeTarget "WebcamClientDemo" */ = {
			isa = XCConfigurationList;
			buildConfigurations = (
				DE603E4D2208C5520028A49F /* Debug */,
				DE603E4E2208C5520028A49F /* Release */,
			);
			defaultConfigurationIsVisible = 0;
			defaultConfigurationName = Release;
		};
/* End XCConfigurationList section */
	};
	rootObject = DE603E342208C5500028A49F /* Project object */;
}
